// !$*UTF8*$!
{
	archiveVersion = 1;
	classes = {
	};
	objectVersion = 48;
	objects = {

/* Begin PBXBuildFile section */
		37EBDA00202175DA00C4E7D1 /* AppDelegate.m in Sources */ = {isa = PBXBuildFile; fileRef = 37EBD9FF202175DA00C4E7D1 /* AppDelegate.m */; };
		37EBDA03202175DA00C4E7D1 /* ViewController.m in Sources */ = {isa = PBXBuildFile; fileRef = 37EBDA02202175DA00C4E7D1 /* ViewController.m */; };
		37EBDA06202175DA00C4E7D1 /* Main.storyboard in Resources */ = {isa = PBXBuildFile; fileRef = 37EBDA04202175DA00C4E7D1 /* Main.storyboard */; };
		37EBDA08202175DA00C4E7D1 /* Assets.xcassets in Resources */ = {isa = PBXBuildFile; fileRef = 37EBDA07202175DA00C4E7D1 /* Assets.xcassets */; };
		37EBDA0B202175DA00C4E7D1 /* LaunchScreen.storyboard in Resources */ = {isa = PBXBuildFile; fileRef = 37EBDA09202175DA00C4E7D1 /* LaunchScreen.storyboard */; };
		37EBDA0E202175DA00C4E7D1 /* main.m in Sources */ = {isa = PBXBuildFile; fileRef = 37EBDA0D202175DA00C4E7D1 /* main.m */; };
		37EBDA322021764E00C4E7D1 /* CustomAlertController.m in Sources */ = {isa = PBXBuildFile; fileRef = 37EBDA172021764E00C4E7D1 /* CustomAlertController.m */; };
		37EBDA332021764E00C4E7D1 /* NSObject+Args.m in Sources */ = {isa = PBXBuildFile; fileRef = 37EBDA1A2021764E00C4E7D1 /* NSObject+Args.m */; };
		37EBDA342021764E00C4E7D1 /* UIButton+RBCountTime.m in Sources */ = {isa = PBXBuildFile; fileRef = 37EBDA1C2021764E00C4E7D1 /* UIButton+RBCountTime.m */; };
		37EBDA352021764E00C4E7D1 /* UIControl+Repeat.m in Sources */ = {isa = PBXBuildFile; fileRef = 37EBDA1E2021764E00C4E7D1 /* UIControl+Repeat.m */; };
		37EBDA362021764E00C4E7D1 /* UINavigationController+RBStackManager.m in Sources */ = {isa = PBXBuildFile; fileRef = 37EBDA202021764E00C4E7D1 /* UINavigationController+RBStackManager.m */; };
		37EBDA372021764E00C4E7D1 /* NSArray+RBSafeArray.m in Sources */ = {isa = PBXBuildFile; fileRef = 37EBDA232021764E00C4E7D1 /* NSArray+RBSafeArray.m */; };
		37EBDA382021764E00C4E7D1 /* NSDictionary+RBSafeDictionary.m in Sources */ = {isa = PBXBuildFile; fileRef = 37EBDA252021764E00C4E7D1 /* NSDictionary+RBSafeDictionary.m */; };
		37EBDA392021764E00C4E7D1 /* NSMutableArray+RBSafeMutableArray.m in Sources */ = {isa = PBXBuildFile; fileRef = 37EBDA272021764E00C4E7D1 /* NSMutableArray+RBSafeMutableArray.m */; };
		37EBDA3A2021764E00C4E7D1 /* NSMutableDictionary+RBSafeMutableDictionary.m in Sources */ = {isa = PBXBuildFile; fileRef = 37EBDA292021764E00C4E7D1 /* NSMutableDictionary+RBSafeMutableDictionary.m */; };
		37EBDA3B2021764E00C4E7D1 /* NSMutableString+RBSafeMutableString.m in Sources */ = {isa = PBXBuildFile; fileRef = 37EBDA2B2021764E00C4E7D1 /* NSMutableString+RBSafeMutableString.m */; };
		37EBDA3C2021764E00C4E7D1 /* NSNumber+RBSafeNumber.m in Sources */ = {isa = PBXBuildFile; fileRef = 37EBDA2D2021764E00C4E7D1 /* NSNumber+RBSafeNumber.m */; };
		37EBDA3D2021764E00C4E7D1 /* NSObject+RBMethodSwizzling.m in Sources */ = {isa = PBXBuildFile; fileRef = 37EBDA2F2021764E00C4E7D1 /* NSObject+RBMethodSwizzling.m */; };
		37EBDA3E2021764E00C4E7D1 /* NSString+RBSafeString.m in Sources */ = {isa = PBXBuildFile; fileRef = 37EBDA312021764E00C4E7D1 /* NSString+RBSafeString.m */; };
/* End PBXBuildFile section */

/* Begin PBXFileReference section */
		37EBD9FB202175DA00C4E7D1 /* RBTools.app */ = {isa = PBXFileReference; explicitFileType = wrapper.application; includeInIndex = 0; path = RBTools.app; sourceTree = BUILT_PRODUCTS_DIR; };
		37EBD9FE202175DA00C4E7D1 /* AppDelegate.h */ = {isa = PBXFileReference; lastKnownFileType = sourcecode.c.h; path = AppDelegate.h; sourceTree = "<group>"; };
		37EBD9FF202175DA00C4E7D1 /* AppDelegate.m */ = {isa = PBXFileReference; lastKnownFileType = sourcecode.c.objc; path = AppDelegate.m; sourceTree = "<group>"; };
		37EBDA01202175DA00C4E7D1 /* ViewController.h */ = {isa = PBXFileReference; lastKnownFileType = sourcecode.c.h; path = ViewController.h; sourceTree = "<group>"; };
		37EBDA02202175DA00C4E7D1 /* ViewController.m */ = {isa = PBXFileReference; lastKnownFileType = sourcecode.c.objc; path = ViewController.m; sourceTree = "<group>"; };
		37EBDA05202175DA00C4E7D1 /* Base */ = {isa = PBXFileReference; lastKnownFileType = file.storyboard; name = Base; path = Base.lproj/Main.storyboard; sourceTree = "<group>"; };
		37EBDA07202175DA00C4E7D1 /* Assets.xcassets */ = {isa = PBXFileReference; lastKnownFileType = folder.assetcatalog; path = Assets.xcassets; sourceTree = "<group>"; };
		37EBDA0A202175DA00C4E7D1 /* Base */ = {isa = PBXFileReference; lastKnownFileType = file.storyboard; name = Base; path = Base.lproj/LaunchScreen.storyboard; sourceTree = "<group>"; };
		37EBDA0C202175DA00C4E7D1 /* Info.plist */ = {isa = PBXFileReference; lastKnownFileType = text.plist.xml; path = Info.plist; sourceTree = "<group>"; };
		37EBDA0D202175DA00C4E7D1 /* main.m */ = {isa = PBXFileReference; lastKnownFileType = sourcecode.c.objc; path = main.m; sourceTree = "<group>"; };
		37EBDA162021764E00C4E7D1 /* CustomAlertController.h */ = {isa = PBXFileReference; fileEncoding = 4; lastKnownFileType = sourcecode.c.h; path = CustomAlertController.h; sourceTree = "<group>"; };
		37EBDA172021764E00C4E7D1 /* CustomAlertController.m */ = {isa = PBXFileReference; fileEncoding = 4; lastKnownFileType = sourcecode.c.objc; path = CustomAlertController.m; sourceTree = "<group>"; };
		37EBDA192021764E00C4E7D1 /* NSObject+Args.h */ = {isa = PBXFileReference; fileEncoding = 4; lastKnownFileType = sourcecode.c.h; path = "NSObject+Args.h"; sourceTree = "<group>"; };
		37EBDA1A2021764E00C4E7D1 /* NSObject+Args.m */ = {isa = PBXFileReference; fileEncoding = 4; lastKnownFileType = sourcecode.c.objc; path = "NSObject+Args.m"; sourceTree = "<group>"; };
		37EBDA1B2021764E00C4E7D1 /* UIButton+RBCountTime.h */ = {isa = PBXFileReference; fileEncoding = 4; lastKnownFileType = sourcecode.c.h; path = "UIButton+RBCountTime.h"; sourceTree = "<group>"; };
		37EBDA1C2021764E00C4E7D1 /* UIButton+RBCountTime.m */ = {isa = PBXFileReference; fileEncoding = 4; lastKnownFileType = sourcecode.c.objc; path = "UIButton+RBCountTime.m"; sourceTree = "<group>"; };
		37EBDA1D2021764E00C4E7D1 /* UIControl+Repeat.h */ = {isa = PBXFileReference; fileEncoding = 4; lastKnownFileType = sourcecode.c.h; path = "UIControl+Repeat.h"; sourceTree = "<group>"; };
		37EBDA1E2021764E00C4E7D1 /* UIControl+Repeat.m */ = {isa = PBXFileReference; fileEncoding = 4; lastKnownFileType = sourcecode.c.objc; path = "UIControl+Repeat.m"; sourceTree = "<group>"; };
		37EBDA1F2021764E00C4E7D1 /* UINavigationController+RBStackManager.h */ = {isa = PBXFileReference; fileEncoding = 4; lastKnownFileType = sourcecode.c.h; path = "UINavigationController+RBStackManager.h"; sourceTree = "<group>"; };
		37EBDA202021764E00C4E7D1 /* UINavigationController+RBStackManager.m */ = {isa = PBXFileReference; fileEncoding = 4; lastKnownFileType = sourcecode.c.objc; path = "UINavigationController+RBStackManager.m"; sourceTree = "<group>"; };
		37EBDA222021764E00C4E7D1 /* NSArray+RBSafeArray.h */ = {isa = PBXFileReference; fileEncoding = 4; lastKnownFileType = sourcecode.c.h; path = "NSArray+RBSafeArray.h"; sourceTree = "<group>"; };
		37EBDA232021764E00C4E7D1 /* NSArray+RBSafeArray.m */ = {isa = PBXFileReference; fileEncoding = 4; lastKnownFileType = sourcecode.c.objc; path = "NSArray+RBSafeArray.m"; sourceTree = "<group>"; };
		37EBDA242021764E00C4E7D1 /* NSDictionary+RBSafeDictionary.h */ = {isa = PBXFileReference; fileEncoding = 4; lastKnownFileType = sourcecode.c.h; path = "NSDictionary+RBSafeDictionary.h"; sourceTree = "<group>"; };
		37EBDA252021764E00C4E7D1 /* NSDictionary+RBSafeDictionary.m */ = {isa = PBXFileReference; fileEncoding = 4; lastKnownFileType = sourcecode.c.objc; path = "NSDictionary+RBSafeDictionary.m"; sourceTree = "<group>"; };
		37EBDA262021764E00C4E7D1 /* NSMutableArray+RBSafeMutableArray.h */ = {isa = PBXFileReference; fileEncoding = 4; lastKnownFileType = sourcecode.c.h; path = "NSMutableArray+RBSafeMutableArray.h"; sourceTree = "<group>"; };
		37EBDA272021764E00C4E7D1 /* NSMutableArray+RBSafeMutableArray.m */ = {isa = PBXFileReference; fileEncoding = 4; lastKnownFileType = sourcecode.c.objc; path = "NSMutableArray+RBSafeMutableArray.m"; sourceTree = "<group>"; };
		37EBDA282021764E00C4E7D1 /* NSMutableDictionary+RBSafeMutableDictionary.h */ = {isa = PBXFileReference; fileEncoding = 4; lastKnownFileType = sourcecode.c.h; path = "NSMutableDictionary+RBSafeMutableDictionary.h"; sourceTree = "<group>"; };
		37EBDA292021764E00C4E7D1 /* NSMutableDictionary+RBSafeMutableDictionary.m */ = {isa = PBXFileReference; fileEncoding = 4; lastKnownFileType = sourcecode.c.objc; path = "NSMutableDictionary+RBSafeMutableDictionary.m"; sourceTree = "<group>"; };
		37EBDA2A2021764E00C4E7D1 /* NSMutableString+RBSafeMutableString.h */ = {isa = PBXFileReference; fileEncoding = 4; lastKnownFileType = sourcecode.c.h; path = "NSMutableString+RBSafeMutableString.h"; sourceTree = "<group>"; };
		37EBDA2B2021764E00C4E7D1 /* NSMutableString+RBSafeMutableString.m */ = {isa = PBXFileReference; fileEncoding = 4; lastKnownFileType = sourcecode.c.objc; path = "NSMutableString+RBSafeMutableString.m"; sourceTree = "<group>"; };
		37EBDA2C2021764E00C4E7D1 /* NSNumber+RBSafeNumber.h */ = {isa = PBXFileReference; fileEncoding = 4; lastKnownFileType = sourcecode.c.h; path = "NSNumber+RBSafeNumber.h"; sourceTree = "<group>"; };
		37EBDA2D2021764E00C4E7D1 /* NSNumber+RBSafeNumber.m */ = {isa = PBXFileReference; fileEncoding = 4; lastKnownFileType = sourcecode.c.objc; path = "NSNumber+RBSafeNumber.m"; sourceTree = "<group>"; };
		37EBDA2E2021764E00C4E7D1 /* NSObject+RBMethodSwizzling.h */ = {isa = PBXFileReference; fileEncoding = 4; lastKnownFileType = sourcecode.c.h; path = "NSObject+RBMethodSwizzling.h"; sourceTree = "<group>"; };
		37EBDA2F2021764E00C4E7D1 /* NSObject+RBMethodSwizzling.m */ = {isa = PBXFileReference; fileEncoding = 4; lastKnownFileType = sourcecode.c.objc; path = "NSObject+RBMethodSwizzling.m"; sourceTree = "<group>"; };
		37EBDA302021764E00C4E7D1 /* NSString+RBSafeString.h */ = {isa = PBXFileReference; fileEncoding = 4; lastKnownFileType = sourcecode.c.h; path = "NSString+RBSafeString.h"; sourceTree = "<group>"; };
		37EBDA312021764E00C4E7D1 /* NSString+RBSafeString.m */ = {isa = PBXFileReference; fileEncoding = 4; lastKnownFileType = sourcecode.c.objc; path = "NSString+RBSafeString.m"; sourceTree = "<group>"; };
/* End PBXFileReference section */

/* Begin PBXFrameworksBuildPhase section */
		37EBD9F8202175DA00C4E7D1 /* Frameworks */ = {
			isa = PBXFrameworksBuildPhase;
			buildActionMask = 2147483647;
			files = (
			);
			runOnlyForDeploymentPostprocessing = 0;
		};
/* End PBXFrameworksBuildPhase section */

/* Begin PBXGroup section */
		37EBD9F2202175DA00C4E7D1 = {
			isa = PBXGroup;
			children = (
				37EBD9FD202175DA00C4E7D1 /* RBTools */,
				37EBD9FC202175DA00C4E7D1 /* Products */,
			);
			sourceTree = "<group>";
		};
		37EBD9FC202175DA00C4E7D1 /* Products */ = {
			isa = PBXGroup;
			children = (
				37EBD9FB202175DA00C4E7D1 /* RBTools.app */,
			);
			name = Products;
			sourceTree = "<group>";
		};
		37EBD9FD202175DA00C4E7D1 /* RBTools */ = {
			isa = PBXGroup;
			children = (
				37EBD9FE202175DA00C4E7D1 /* AppDelegate.h */,
				37EBD9FF202175DA00C4E7D1 /* AppDelegate.m */,
				37EBDA01202175DA00C4E7D1 /* ViewController.h */,
				37EBDA02202175DA00C4E7D1 /* ViewController.m */,
				37EBDA04202175DA00C4E7D1 /* Main.storyboard */,
				37EBDA07202175DA00C4E7D1 /* Assets.xcassets */,
				37EBDA09202175DA00C4E7D1 /* LaunchScreen.storyboard */,
				37EBDA0C202175DA00C4E7D1 /* Info.plist */,
				37EBDA0D202175DA00C4E7D1 /* main.m */,
				37EBDA142021764E00C4E7D1 /* Tools */,
			);
			path = RBTools;
			sourceTree = "<group>";
		};
		37EBDA142021764E00C4E7D1 /* Tools */ = {
			isa = PBXGroup;
			children = (
				37EBDA152021764E00C4E7D1 /* CustomAlertController */,
				37EBDA182021764E00C4E7D1 /* MyCategory */,
				37EBDA212021764E00C4E7D1 /* SafeCategory */,
			);
			path = Tools;
			sourceTree = "<group>";
		};
		37EBDA152021764E00C4E7D1 /* CustomAlertController */ = {
			isa = PBXGroup;
			children = (
				37EBDA162021764E00C4E7D1 /* CustomAlertController.h */,
				37EBDA172021764E00C4E7D1 /* CustomAlertController.m */,
			);
			path = CustomAlertController;
			sourceTree = "<group>";
		};
		37EBDA182021764E00C4E7D1 /* MyCategory */ = {
			isa = PBXGroup;
			children = (
				37EBDA192021764E00C4E7D1 /* NSObject+Args.h */,
				37EBDA1A2021764E00C4E7D1 /* NSObject+Args.m */,
				37EBDA1B2021764E00C4E7D1 /* UIButton+RBCountTime.h */,
				37EBDA1C2021764E00C4E7D1 /* UIButton+RBCountTime.m */,
				37EBDA1D2021764E00C4E7D1 /* UIControl+Repeat.h */,
				37EBDA1E2021764E00C4E7D1 /* UIControl+Repeat.m */,
				37EBDA1F2021764E00C4E7D1 /* UINavigationController+RBStackManager.h */,
				37EBDA202021764E00C4E7D1 /* UINavigationController+RBStackManager.m */,
			);
			path = MyCategory;
			sourceTree = "<group>";
		};
		37EBDA212021764E00C4E7D1 /* SafeCategory */ = {
			isa = PBXGroup;
			children = (
				37EBDA222021764E00C4E7D1 /* NSArray+RBSafeArray.h */,
				37EBDA232021764E00C4E7D1 /* NSArray+RBSafeArray.m */,
				37EBDA242021764E00C4E7D1 /* NSDictionary+RBSafeDictionary.h */,
				37EBDA252021764E00C4E7D1 /* NSDictionary+RBSafeDictionary.m */,
				37EBDA262021764E00C4E7D1 /* NSMutableArray+RBSafeMutableArray.h */,
				37EBDA272021764E00C4E7D1 /* NSMutableArray+RBSafeMutableArray.m */,
				37EBDA282021764E00C4E7D1 /* NSMutableDictionary+RBSafeMutableDictionary.h */,
				37EBDA292021764E00C4E7D1 /* NSMutableDictionary+RBSafeMutableDictionary.m */,
				37EBDA2A2021764E00C4E7D1 /* NSMutableString+RBSafeMutableString.h */,
				37EBDA2B2021764E00C4E7D1 /* NSMutableString+RBSafeMutableString.m */,
				37EBDA2C2021764E00C4E7D1 /* NSNumber+RBSafeNumber.h */,
				37EBDA2D2021764E00C4E7D1 /* NSNumber+RBSafeNumber.m */,
				37EBDA2E2021764E00C4E7D1 /* NSObject+RBMethodSwizzling.h */,
				37EBDA2F2021764E00C4E7D1 /* NSObject+RBMethodSwizzling.m */,
				37EBDA302021764E00C4E7D1 /* NSString+RBSafeString.h */,
				37EBDA312021764E00C4E7D1 /* NSString+RBSafeString.m */,
			);
			path = SafeCategory;
			sourceTree = "<group>";
		};
/* End PBXGroup section */

/* Begin PBXNativeTarget section */
		37EBD9FA202175DA00C4E7D1 /* RBTools */ = {
			isa = PBXNativeTarget;
			buildConfigurationList = 37EBDA11202175DA00C4E7D1 /* Build configuration list for PBXNativeTarget "RBTools" */;
			buildPhases = (
				37EBD9F7202175DA00C4E7D1 /* Sources */,
				37EBD9F8202175DA00C4E7D1 /* Frameworks */,
				37EBD9F9202175DA00C4E7D1 /* Resources */,
			);
			buildRules = (
			);
			dependencies = (
			);
			name = RBTools;
			productName = RBTools;
			productReference = 37EBD9FB202175DA00C4E7D1 /* RBTools.app */;
			productType = "com.apple.product-type.application";
		};
/* End PBXNativeTarget section */

/* Begin PBXProject section */
		37EBD9F3202175DA00C4E7D1 /* Project object */ = {
			isa = PBXProject;
			attributes = {
				LastUpgradeCheck = 0900;
				ORGANIZATIONNAME = xurb;
				TargetAttributes = {
					37EBD9FA202175DA00C4E7D1 = {
						CreatedOnToolsVersion = 9.0.1;
						ProvisioningStyle = Automatic;
					};
				};
			};
			buildConfigurationList = 37EBD9F6202175DA00C4E7D1 /* Build configuration list for PBXProject "RBTools" */;
			compatibilityVersion = "Xcode 8.0";
			developmentRegion = en;
			hasScannedForEncodings = 0;
			knownRegions = (
				en,
				Base,
			);
			mainGroup = 37EBD9F2202175DA00C4E7D1;
			productRefGroup = 37EBD9FC202175DA00C4E7D1 /* Products */;
			projectDirPath = "";
			projectRoot = "";
			targets = (
				37EBD9FA202175DA00C4E7D1 /* RBTools */,
			);
		};
/* End PBXProject section */

/* Begin PBXResourcesBuildPhase section */
		37EBD9F9202175DA00C4E7D1 /* Resources */ = {
			isa = PBXResourcesBuildPhase;
			buildActionMask = 2147483647;
			files = (
				37EBDA0B202175DA00C4E7D1 /* LaunchScreen.storyboard in Resources */,
				37EBDA08202175DA00C4E7D1 /* Assets.xcassets in Resources */,
				37EBDA06202175DA00C4E7D1 /* Main.storyboard in Resources */,
			);
			runOnlyForDeploymentPostprocessing = 0;
		};
/* End PBXResourcesBuildPhase section */

/* Begin PBXSourcesBuildPhase section */
		37EBD9F7202175DA00C4E7D1 /* Sources */ = {
			isa = PBXSourcesBuildPhase;
			buildActionMask = 2147483647;
			files = (
				37EBDA332021764E00C4E7D1 /* NSObject+Args.m in Sources */,
				37EBDA3B2021764E00C4E7D1 /* NSMutableString+RBSafeMutableString.m in Sources */,
				37EBDA352021764E00C4E7D1 /* UIControl+Repeat.m in Sources */,
				37EBDA3C2021764E00C4E7D1 /* NSNumber+RBSafeNumber.m in Sources */,
				37EBDA03202175DA00C4E7D1 /* ViewController.m in Sources */,
				37EBDA322021764E00C4E7D1 /* CustomAlertController.m in Sources */,
				37EBDA362021764E00C4E7D1 /* UINavigationController+RBStackManager.m in Sources */,
				37EBDA392021764E00C4E7D1 /* NSMutableArray+RBSafeMutableArray.m in Sources */,
				37EBDA372021764E00C4E7D1 /* NSArray+RBSafeArray.m in Sources */,
				37EBDA3D2021764E00C4E7D1 /* NSObject+RBMethodSwizzling.m in Sources */,
				37EBDA3A2021764E00C4E7D1 /* NSMutableDictionary+RBSafeMutableDictionary.m in Sources */,
				37EBDA0E202175DA00C4E7D1 /* main.m in Sources */,
				37EBDA382021764E00C4E7D1 /* NSDictionary+RBSafeDictionary.m in Sources */,
				37EBDA342021764E00C4E7D1 /* UIButton+RBCountTime.m in Sources */,
				37EBDA00202175DA00C4E7D1 /* AppDelegate.m in Sources */,
				37EBDA3E2021764E00C4E7D1 /* NSString+RBSafeString.m in Sources */,
			);
			runOnlyForDeploymentPostprocessing = 0;
		};
/* End PBXSourcesBuildPhase section */

/* Begin PBXVariantGroup section */
		37EBDA04202175DA00C4E7D1 /* Main.storyboard */ = {
			isa = PBXVariantGroup;
			children = (
				37EBDA05202175DA00C4E7D1 /* Base */,
			);
			name = Main.storyboard;
			sourceTree = "<group>";
		};
		37EBDA09202175DA00C4E7D1 /* LaunchScreen.storyboard */ = {
			isa = PBXVariantGroup;
			children = (
				37EBDA0A202175DA00C4E7D1 /* Base */,
			);
			name = LaunchScreen.storyboard;
			sourceTree = "<group>";
		};
/* End PBXVariantGroup section */

/* Begin XCBuildConfiguration section */
		37EBDA0F202175DA00C4E7D1 /* Debug */ = {
			isa = XCBuildConfiguration;
			buildSettings = {
				ALWAYS_SEARCH_USER_PATHS = NO;
				CLANG_ANALYZER_NONNULL = YES;
				CLANG_ANALYZER_NUMBER_OBJECT_CONVERSION = YES_AGGRESSIVE;
				CLANG_CXX_LANGUAGE_STANDARD = "gnu++14";
				CLANG_CXX_LIBRARY = "libc++";
				CLANG_ENABLE_MODULES = YES;
				CLANG_ENABLE_OBJC_ARC = YES;
				CLANG_WARN_BLOCK_CAPTURE_AUTORELEASING = YES;
				CLANG_WARN_BOOL_CONVERSION = YES;
				CLANG_WARN_COMMA = YES;
				CLANG_WARN_CONSTANT_CONVERSION = YES;
				CLANG_WARN_DIRECT_OBJC_ISA_USAGE = YES_ERROR;
				CLANG_WARN_DOCUMENTATION_COMMENTS = YES;
				CLANG_WARN_EMPTY_BODY = YES;
				CLANG_WARN_ENUM_CONVERSION = YES;
				CLANG_WARN_INFINITE_RECURSION = YES;
				CLANG_WARN_INT_CONVERSION = YES;
				CLANG_WARN_NON_LITERAL_NULL_CONVERSION = YES;
				CLANG_WARN_OBJC_LITERAL_CONVERSION = YES;
				CLANG_WARN_OBJC_ROOT_CLASS = YES_ERROR;
				CLANG_WARN_RANGE_LOOP_ANALYSIS = YES;
				CLANG_WARN_STRICT_PROTOTYPES = YES;
				CLANG_WARN_SUSPICIOUS_MOVE = YES;
				CLANG_WARN_UNGUARDED_AVAILABILITY = YES_AGGRESSIVE;
				CLANG_WARN_UNREACHABLE_CODE = YES;
				CLANG_WARN__DUPLICATE_METHOD_MATCH = YES;
				CODE_SIGN_IDENTITY = "iPhone Developer";
				COPY_PHASE_STRIP = NO;
				DEBUG_INFORMATION_FORMAT = dwarf;
				ENABLE_STRICT_OBJC_MSGSEND = YES;
				ENABLE_TESTABILITY = YES;
				GCC_C_LANGUAGE_STANDARD = gnu11;
				GCC_DYNAMIC_NO_PIC = NO;
				GCC_NO_COMMON_BLOCKS = YES;
				GCC_OPTIMIZATION_LEVEL = 0;
				GCC_PREPROCESSOR_DEFINITIONS = (
					"DEBUG=1",
					"$(inherited)",
				);
				GCC_WARN_64_TO_32_BIT_CONVERSION = YES;
				GCC_WARN_ABOUT_RETURN_TYPE = YES_ERROR;
				GCC_WARN_UNDECLARED_SELECTOR = YES;
				GCC_WARN_UNINITIALIZED_AUTOS = YES_AGGRESSIVE;
				GCC_WARN_UNUSED_FUNCTION = YES;
				GCC_WARN_UNUSED_VARIABLE = YES;
				IPHONEOS_DEPLOYMENT_TARGET = 11.0;
				MTL_ENABLE_DEBUG_INFO = YES;
				ONLY_ACTIVE_ARCH = YES;
				SDKROOT = iphoneos;
			};
			name = Debug;
		};
		37EBDA10202175DA00C4E7D1 /* Release */ = {
			isa = XCBuildConfiguration;
			buildSettings = {
				ALWAYS_SEARCH_USER_PATHS = NO;
				CLANG_ANALYZER_NONNULL = YES;
				CLANG_ANALYZER_NUMBER_OBJECT_CONVERSION = YES_AGGRESSIVE;
				CLANG_CXX_LANGUAGE_STANDARD = "gnu++14";
				CLANG_CXX_LIBRARY = "libc++";
				CLANG_ENABLE_MODULES = YES;
				CLANG_ENABLE_OBJC_ARC = YES;
				CLANG_WARN_BLOCK_CAPTURE_AUTORELEASING = YES;
				CLANG_WARN_BOOL_CONVERSION = YES;
				CLANG_WARN_COMMA = YES;
				CLANG_WARN_CONSTANT_CONVERSION = YES;
				CLANG_WARN_DIRECT_OBJC_ISA_USAGE = YES_ERROR;
				CLANG_WARN_DOCUMENTATION_COMMENTS = YES;
				CLANG_WARN_EMPTY_BODY = YES;
				CLANG_WARN_ENUM_CONVERSION = YES;
				CLANG_WARN_INFINITE_RECURSION = YES;
				CLANG_WARN_INT_CONVERSION = YES;
				CLANG_WARN_NON_LITERAL_NULL_CONVERSION = YES;
				CLANG_WARN_OBJC_LITERAL_CONVERSION = YES;
				CLANG_WARN_OBJC_ROOT_CLASS = YES_ERROR;
				CLANG_WARN_RANGE_LOOP_ANALYSIS = YES;
				CLANG_WARN_STRICT_PROTOTYPES = YES;
				CLANG_WARN_SUSPICIOUS_MOVE = YES;
				CLANG_WARN_UNGUARDED_AVAILABILITY = YES_AGGRESSIVE;
				CLANG_WARN_UNREACHABLE_CODE = YES;
				CLANG_WARN__DUPLICATE_METHOD_MATCH = YES;
				CODE_SIGN_IDENTITY = "iPhone Developer";
				COPY_PHASE_STRIP = NO;
				DEBUG_INFORMATION_FORMAT = "dwarf-with-dsym";
				ENABLE_NS_ASSERTIONS = NO;
				ENABLE_STRICT_OBJC_MSGSEND = YES;
				GCC_C_LANGUAGE_STANDARD = gnu11;
				GCC_NO_COMMON_BLOCKS = YES;
				GCC_WARN_64_TO_32_BIT_CONVERSION = YES;
				GCC_WARN_ABOUT_RETURN_TYPE = YES_ERROR;
				GCC_WARN_UNDECLARED_SELECTOR = YES;
				GCC_WARN_UNINITIALIZED_AUTOS = YES_AGGRESSIVE;
				GCC_WARN_UNUSED_FUNCTION = YES;
				GCC_WARN_UNUSED_VARIABLE = YES;
				IPHONEOS_DEPLOYMENT_TARGET = 11.0;
				MTL_ENABLE_DEBUG_INFO = NO;
				SDKROOT = iphoneos;
				VALIDATE_PRODUCT = YES;
			};
			name = Release;
		};
		37EBDA12202175DA00C4E7D1 /* Debug */ = {
			isa = XCBuildConfiguration;
			buildSettings = {
				ASSETCATALOG_COMPILER_APPICON_NAME = AppIcon;
				CODE_SIGN_STYLE = Automatic;
				DEVELOPMENT_TEAM = ZJK5CPMUPC;
				INFOPLIST_FILE = RBTools/Info.plist;
				LD_RUNPATH_SEARCH_PATHS = "$(inherited) @executable_path/Frameworks";
				PRODUCT_BUNDLE_IDENTIFIER = com.xurb.www.RBTools;
				PRODUCT_NAME = "$(TARGET_NAME)";
				TARGETED_DEVICE_FAMILY = "1,2";
			};
			name = Debug;
		};
		37EBDA13202175DA00C4E7D1 /* Release */ = {
			isa = XCBuildConfiguration;
			buildSettings = {
				ASSETCATALOG_COMPILER_APPICON_NAME = AppIcon;
				CODE_SIGN_STYLE = Automatic;
				DEVELOPMENT_TEAM = ZJK5CPMUPC;
				INFOPLIST_FILE = RBTools/Info.plist;
				LD_RUNPATH_SEARCH_PATHS = "$(inherited) @executable_path/Frameworks";
				PRODUCT_BUNDLE_IDENTIFIER = com.xurb.www.RBTools;
				PRODUCT_NAME = "$(TARGET_NAME)";
				TARGETED_DEVICE_FAMILY = "1,2";
			};
			name = Release;
		};
/* End XCBuildConfiguration section */

/* Begin XCConfigurationList section */
		37EBD9F6202175DA00C4E7D1 /* Build configuration list for PBXProject "RBTools" */ = {
			isa = XCConfigurationList;
			buildConfigurations = (
				37EBDA0F202175DA00C4E7D1 /* Debug */,
				37EBDA10202175DA00C4E7D1 /* Release */,
			);
			defaultConfigurationIsVisible = 0;
			defaultConfigurationName = Release;
		};
		37EBDA11202175DA00C4E7D1 /* Build configuration list for PBXNativeTarget "RBTools" */ = {
			isa = XCConfigurationList;
			buildConfigurations = (
				37EBDA12202175DA00C4E7D1 /* Debug */,
				37EBDA13202175DA00C4E7D1 /* Release */,
			);
			defaultConfigurationIsVisible = 0;
			defaultConfigurationName = Release;
		};
/* End XCConfigurationList section */
	};
	rootObject = 37EBD9F3202175DA00C4E7D1 /* Project object */;
}
